// !$*UTF8*$!
{
	archiveVersion = 1;
	classes = {
	};
	objectVersion = 55;
	objects = {

/* Begin PBXBuildFile section */
		330BBCC428EB9EE80014A3F9 /* AppDelegate.swift in Sources */ = {isa = PBXBuildFile; fileRef = 330BBCC328EB9EE80014A3F9 /* AppDelegate.swift */; };
		330BBCC628EB9EE80014A3F9 /* SceneDelegate.swift in Sources */ = {isa = PBXBuildFile; fileRef = 330BBCC528EB9EE80014A3F9 /* SceneDelegate.swift */; };
		330BBCC828EB9EE80014A3F9 /* ViewController.swift in Sources */ = {isa = PBXBuildFile; fileRef = 330BBCC728EB9EE80014A3F9 /* ViewController.swift */; };
		330BBCCB28EB9EE80014A3F9 /* Main.storyboard in Resources */ = {isa = PBXBuildFile; fileRef = 330BBCC928EB9EE80014A3F9 /* Main.storyboard */; };
		330BBCCD28EB9EEA0014A3F9 /* Assets.xcassets in Resources */ = {isa = PBXBuildFile; fileRef = 330BBCCC28EB9EEA0014A3F9 /* Assets.xcassets */; };
		330BBCD028EB9EEA0014A3F9 /* LaunchScreen.storyboard in Resources */ = {isa = PBXBuildFile; fileRef = 330BBCCE28EB9EEA0014A3F9 /* LaunchScreen.storyboard */; };
		33ED520628EBC98600CA63FE /* ImageDetector.swift in Sources */ = {isa = PBXBuildFile; fileRef = 33ED520528EBC98600CA63FE /* ImageDetector.swift */; };
/* End PBXBuildFile section */

/* Begin PBXFileReference section */
		330BBCC028EB9EE80014A3F9 /* FlowerVision.app */ = {isa = PBXFileReference; explicitFileType = wrapper.application; includeInIndex = 0; path = FlowerVision.app; sourceTree = BUILT_PRODUCTS_DIR; };
		330BBCC328EB9EE80014A3F9 /* AppDelegate.swift */ = {isa = PBXFileReference; lastKnownFileType = sourcecode.swift; path = AppDelegate.swift; sourceTree = "<group>"; };
		330BBCC528EB9EE80014A3F9 /* SceneDelegate.swift */ = {isa = PBXFileReference; lastKnownFileType = sourcecode.swift; path = SceneDelegate.swift; sourceTree = "<group>"; };
		330BBCC728EB9EE80014A3F9 /* ViewController.swift */ = {isa = PBXFileReference; lastKnownFileType = sourcecode.swift; path = ViewController.swift; sourceTree = "<group>"; };
		330BBCCA28EB9EE80014A3F9 /* Base */ = {isa = PBXFileReference; lastKnownFileType = file.storyboard; name = Base; path = Base.lproj/Main.storyboard; sourceTree = "<group>"; };
		330BBCCC28EB9EEA0014A3F9 /* Assets.xcassets */ = {isa = PBXFileReference; lastKnownFileType = folder.assetcatalog; path = Assets.xcassets; sourceTree = "<group>"; };
		330BBCCF28EB9EEA0014A3F9 /* Base */ = {isa = PBXFileReference; lastKnownFileType = file.storyboard; name = Base; path = Base.lproj/LaunchScreen.storyboard; sourceTree = "<group>"; };
		330BBCD128EB9EEA0014A3F9 /* Info.plist */ = {isa = PBXFileReference; lastKnownFileType = text.plist.xml; path = Info.plist; sourceTree = "<group>"; };
		330BBCDD28EBA4420014A3F9 /* FlowerClassifier.mlmodel */ = {isa = PBXFileReference; lastKnownFileType = file.mlmodel; path = FlowerClassifier.mlmodel; sourceTree = "<group>"; };
		33ED520528EBC98600CA63FE /* ImageDetector.swift */ = {isa = PBXFileReference; lastKnownFileType = sourcecode.swift; path = ImageDetector.swift; sourceTree = "<group>"; };
/* End PBXFileReference section */

/* Begin PBXFrameworksBuildPhase section */
		330BBCBD28EB9EE80014A3F9 /* Frameworks */ = {
			isa = PBXFrameworksBuildPhase;
			buildActionMask = 2147483647;
			files = (
			);
			runOnlyForDeploymentPostprocessing = 0;
		};
/* End PBXFrameworksBuildPhase section */

/* Begin PBXGroup section */
		330BBCB728EB9EE80014A3F9 = {
			isa = PBXGroup;
			children = (
				330BBCC228EB9EE80014A3F9 /* FlowerVision */,
				330BBCC128EB9EE80014A3F9 /* Products */,
			);
			sourceTree = "<group>";
		};
		330BBCC128EB9EE80014A3F9 /* Products */ = {
			isa = PBXGroup;
			children = (
				330BBCC028EB9EE80014A3F9 /* FlowerVision.app */,
			);
			name = Products;
			sourceTree = "<group>";
		};
		330BBCC228EB9EE80014A3F9 /* FlowerVision */ = {
			isa = PBXGroup;
			children = (
				330BBCDC28EBA40A0014A3F9 /* Other */,
				330BBCDB28EBA3F20014A3F9 /* Model */,
				330BBCDA28EBA3E60014A3F9 /* View */,
				330BBCD928EBA3DD0014A3F9 /* Controller */,
				330BBCD128EB9EEA0014A3F9 /* Info.plist */,
			);
			path = FlowerVision;
			sourceTree = "<group>";
		};
		330BBCD928EBA3DD0014A3F9 /* Controller */ = {
			isa = PBXGroup;
			children = (
				330BBCC728EB9EE80014A3F9 /* ViewController.swift */,
			);
			path = Controller;
			sourceTree = "<group>";
		};
		330BBCDA28EBA3E60014A3F9 /* View */ = {
			isa = PBXGroup;
			children = (
				330BBCCE28EB9EEA0014A3F9 /* LaunchScreen.storyboard */,
				330BBCC928EB9EE80014A3F9 /* Main.storyboard */,
			);
			path = View;
			sourceTree = "<group>";
		};
		330BBCDB28EBA3F20014A3F9 /* Model */ = {
			isa = PBXGroup;
			children = (
				33ED520528EBC98600CA63FE /* ImageDetector.swift */,
			);
			path = Model;
			sourceTree = "<group>";
		};
		330BBCDC28EBA40A0014A3F9 /* Other */ = {
			isa = PBXGroup;
			children = (
				330BBCC328EB9EE80014A3F9 /* AppDelegate.swift */,
				330BBCC528EB9EE80014A3F9 /* SceneDelegate.swift */,
				330BBCCC28EB9EEA0014A3F9 /* Assets.xcassets */,
				330BBCDD28EBA4420014A3F9 /* FlowerClassifier.mlmodel */,
			);
			path = Other;
			sourceTree = "<group>";
		};
/* End PBXGroup section */

/* Begin PBXNativeTarget section */
		330BBCBF28EB9EE80014A3F9 /* FlowerVision */ = {
			isa = PBXNativeTarget;
			buildConfigurationList = 330BBCD428EB9EEA0014A3F9 /* Build configuration list for PBXNativeTarget "FlowerVision" */;
			buildPhases = (
				330BBCBC28EB9EE80014A3F9 /* Sources */,
				330BBCBD28EB9EE80014A3F9 /* Frameworks */,
				330BBCBE28EB9EE80014A3F9 /* Resources */,
			);
			buildRules = (
			);
			dependencies = (
			);
			name = FlowerVision;
			productName = FlowerVision;
			productReference = 330BBCC028EB9EE80014A3F9 /* FlowerVision.app */;
			productType = "com.apple.product-type.application";
		};
/* End PBXNativeTarget section */

/* Begin PBXProject section */
		330BBCB828EB9EE80014A3F9 /* Project object */ = {
			isa = PBXProject;
			attributes = {
				BuildIndependentTargetsInParallel = 1;
				LastSwiftUpdateCheck = 1340;
				LastUpgradeCheck = 1340;
				TargetAttributes = {
					330BBCBF28EB9EE80014A3F9 = {
						CreatedOnToolsVersion = 13.4.1;
					};
				};
			};
			buildConfigurationList = 330BBCBB28EB9EE80014A3F9 /* Build configuration list for PBXProject "FlowerVision" */;
			compatibilityVersion = "Xcode 13.0";
			developmentRegion = en;
			hasScannedForEncodings = 0;
			knownRegions = (
				en,
				Base,
			);
			mainGroup = 330BBCB728EB9EE80014A3F9;
			productRefGroup = 330BBCC128EB9EE80014A3F9 /* Products */;
			projectDirPath = "";
			projectRoot = "";
			targets = (
				330BBCBF28EB9EE80014A3F9 /* FlowerVision */,
			);
		};
/* End PBXProject section */

/* Begin PBXResourcesBuildPhase section */
		330BBCBE28EB9EE80014A3F9 /* Resources */ = {
			isa = PBXResourcesBuildPhase;
			buildActionMask = 2147483647;
			files = (
				330BBCD028EB9EEA0014A3F9 /* LaunchScreen.storyboard in Resources */,
				330BBCCD28EB9EEA0014A3F9 /* Assets.xcassets in Resources */,
				330BBCCB28EB9EE80014A3F9 /* Main.storyboard in Resources */,
			);
			runOnlyForDeploymentPostprocessing = 0;
		};
/* End PBXResourcesBuildPhase section */

/* Begin PBXSourcesBuildPhase section */
		330BBCBC28EB9EE80014A3F9 /* Sources */ = {
			isa = PBXSourcesBuildPhase;
			buildActionMask = 2147483647;
			files = (
				33ED520628EBC98600CA63FE /* ImageDetector.swift in Sources */,
				330BBCC828EB9EE80014A3F9 /* ViewController.swift in Sources */,
				330BBCC428EB9EE80014A3F9 /* AppDelegate.swift in Sources */,
				330BBCC628EB9EE80014A3F9 /* SceneDelegate.swift in Sources */,
			);
			runOnlyForDeploymentPostprocessing = 0;
		};
/* End PBXSourcesBuildPhase section */

/* Begin PBXVariantGroup section */
		330BBCC928EB9EE80014A3F9 /* Main.storyboard */ = {
			isa = PBXVariantGroup;
			children = (
				330BBCCA28EB9EE80014A3F9 /* Base */,
			);
			name = Main.storyboard;
			sourceTree = "<group>";
		};
		330BBCCE28EB9EEA0014A3F9 /* LaunchScreen.storyboard */ = {
			isa = PBXVariantGroup;
			children = (
				330BBCCF28EB9EEA0014A3F9 /* Base */,
			);
			name = LaunchScreen.storyboard;
			sourceTree = "<group>";
		};
/* End PBXVariantGroup section */

/* Begin XCBuildConfiguration section */
		330BBCD228EB9EEA0014A3F9 /* Debug */ = {
			isa = XCBuildConfiguration;
			buildSettings = {
				ALWAYS_SEARCH_USER_PATHS = NO;
				CLANG_ANALYZER_NONNULL = YES;
				CLANG_ANALYZER_NUMBER_OBJECT_CONVERSION = YES_AGGRESSIVE;
				CLANG_CXX_LANGUAGE_STANDARD = "gnu++17";
				CLANG_ENABLE_MODULES = YES;
				CLANG_ENABLE_OBJC_ARC = YES;
				CLANG_ENABLE_OBJC_WEAK = YES;
				CLANG_WARN_BLOCK_CAPTURE_AUTORELEASING = YES;
				CLANG_WARN_BOOL_CONVERSION = YES;
				CLANG_WARN_COMMA = YES;
				CLANG_WARN_CONSTANT_CONVERSION = YES;
				CLANG_WARN_DEPRECATED_OBJC_IMPLEMENTATIONS = YES;
				CLANG_WARN_DIRECT_OBJC_ISA_USAGE = YES_ERROR;
				CLANG_WARN_DOCUMENTATION_COMMENTS = YES;
				CLANG_WARN_EMPTY_BODY = YES;
				CLANG_WARN_ENUM_CONVERSION = YES;
				CLANG_WARN_INFINITE_RECURSION = YES;
				CLANG_WARN_INT_CONVERSION = YES;
				CLANG_WARN_NON_LITERAL_NULL_CONVERSION = YES;
				CLANG_WARN_OBJC_IMPLICIT_RETAIN_SELF = YES;
				CLANG_WARN_OBJC_LITERAL_CONVERSION = YES;
				CLANG_WARN_OBJC_ROOT_CLASS = YES_ERROR;
				CLANG_WARN_QUOTED_INCLUDE_IN_FRAMEWORK_HEADER = YES;
				CLANG_WARN_RANGE_LOOP_ANALYSIS = YES;
				CLANG_WARN_STRICT_PROTOTYPES = YES;
				CLANG_WARN_SUSPICIOUS_MOVE = YES;
				CLANG_WARN_UNGUARDED_AVAILABILITY = YES_AGGRESSIVE;
				CLANG_WARN_UNREACHABLE_CODE = YES;
				CLANG_WARN__DUPLICATE_METHOD_MATCH = YES;
				COPY_PHASE_STRIP = NO;
				DEBUG_INFORMATION_FORMAT = dwarf;
				ENABLE_STRICT_OBJC_MSGSEND = YES;
				ENABLE_TESTABILITY = YES;
				GCC_C_LANGUAGE_STANDARD = gnu11;
				GCC_DYNAMIC_NO_PIC = NO;
				GCC_NO_COMMON_BLOCKS = YES;
				GCC_OPTIMIZATION_LEVEL = 0;
				GCC_PREPROCESSOR_DEFINITIONS = (
					"DEBUG=1",
					"$(inherited)",
				);
				GCC_WARN_64_TO_32_BIT_CONVERSION = YES;
				GCC_WARN_ABOUT_RETURN_TYPE = YES_ERROR;
				GCC_WARN_UNDECLARED_SELECTOR = YES;
				GCC_WARN_UNINITIALIZED_AUTOS = YES_AGGRESSIVE;
				GCC_WARN_UNUSED_FUNCTION = YES;
				GCC_WARN_UNUSED_VARIABLE = YES;
				IPHONEOS_DEPLOYMENT_TARGET = 15.0;
				MTL_ENABLE_DEBUG_INFO = INCLUDE_SOURCE;
				MTL_FAST_MATH = YES;
				ONLY_ACTIVE_ARCH = YES;
				SDKROOT = iphoneos;
				SWIFT_ACTIVE_COMPILATION_CONDITIONS = DEBUG;
				SWIFT_OPTIMIZATION_LEVEL = "-Onone";
			};
			name = Debug;
		};
		330BBCD328EB9EEA0014A3F9 /* Release */ = {
			isa = XCBuildConfiguration;
			buildSettings = {
				ALWAYS_SEARCH_USER_PATHS = NO;
				CLANG_ANALYZER_NONNULL = YES;
				CLANG_ANALYZER_NUMBER_OBJECT_CONVERSION = YES_AGGRESSIVE;
				CLANG_CXX_LANGUAGE_STANDARD = "gnu++17";
				CLANG_ENABLE_MODULES = YES;
				CLANG_ENABLE_OBJC_ARC = YES;
				CLANG_ENABLE_OBJC_WEAK = YES;
				CLANG_WARN_BLOCK_CAPTURE_AUTORELEASING = YES;
				CLANG_WARN_BOOL_CONVERSION = YES;
				CLANG_WARN_COMMA = YES;
				CLANG_WARN_CONSTANT_CONVERSION = YES;
				CLANG_WARN_DEPRECATED_OBJC_IMPLEMENTATIONS = YES;
				CLANG_WARN_DIRECT_OBJC_ISA_USAGE = YES_ERROR;
				CLANG_WARN_DOCUMENTATION_COMMENTS = YES;
				CLANG_WARN_EMPTY_BODY = YES;
				CLANG_WARN_ENUM_CONVERSION = YES;
				CLANG_WARN_INFINITE_RECURSION = YES;
				CLANG_WARN_INT_CONVERSION = YES;
				CLANG_WARN_NON_LITERAL_NULL_CONVERSION = YES;
				CLANG_WARN_OBJC_IMPLICIT_RETAIN_SELF = YES;
				CLANG_WARN_OBJC_LITERAL_CONVERSION = YES;
				CLANG_WARN_OBJC_ROOT_CLASS = YES_ERROR;
				CLANG_WARN_QUOTED_INCLUDE_IN_FRAMEWORK_HEADER = YES;
				CLANG_WARN_RANGE_LOOP_ANALYSIS = YES;
				CLANG_WARN_STRICT_PROTOTYPES = YES;
				CLANG_WARN_SUSPICIOUS_MOVE = YES;
				CLANG_WARN_UNGUARDED_AVAILABILITY = YES_AGGRESSIVE;
				CLANG_WARN_UNREACHABLE_CODE = YES;
				CLANG_WARN__DUPLICATE_METHOD_MATCH = YES;
				COPY_PHASE_STRIP = NO;
				DEBUG_INFORMATION_FORMAT = "dwarf-with-dsym";
				ENABLE_NS_ASSERTIONS = NO;
				ENABLE_STRICT_OBJC_MSGSEND = YES;
				GCC_C_LANGUAGE_STANDARD = gnu11;
				GCC_NO_COMMON_BLOCKS = YES;
				GCC_WARN_64_TO_32_BIT_CONVERSION = YES;
				GCC_WARN_ABOUT_RETURN_TYPE = YES_ERROR;
				GCC_WARN_UNDECLARED_SELECTOR = YES;
				GCC_WARN_UNINITIALIZED_AUTOS = YES_AGGRESSIVE;
				GCC_WARN_UNUSED_FUNCTION = YES;
				GCC_WARN_UNUSED_VARIABLE = YES;
				IPHONEOS_DEPLOYMENT_TARGET = 15.0;
				MTL_ENABLE_DEBUG_INFO = NO;
				MTL_FAST_MATH = YES;
				SDKROOT = iphoneos;
				SWIFT_COMPILATION_MODE = wholemodule;
				SWIFT_OPTIMIZATION_LEVEL = "-O";
				VALIDATE_PRODUCT = YES;
			};
			name = Release;
		};
		330BBCD528EB9EEA0014A3F9 /* Debug */ = {
			isa = XCBuildConfiguration;
			buildSettings = {
				ASSETCATALOG_COMPILER_APPICON_NAME = AppIcon;
				ASSETCATALOG_COMPILER_GLOBAL_ACCENT_COLOR_NAME = AccentColor;
				CODE_SIGN_STYLE = Automatic;
				CURRENT_PROJECT_VERSION = 1;
				DEVELOPMENT_TEAM = 7J3796WWR5;
				GENERATE_INFOPLIST_FILE = YES;
				INFOPLIST_FILE = FlowerVision/Info.plist;
				INFOPLIST_KEY_UIApplicationSupportsIndirectInputEvents = YES;
				INFOPLIST_KEY_UILaunchStoryboardName = LaunchScreen;
				INFOPLIST_KEY_UIMainStoryboardFile = Main;
				INFOPLIST_KEY_UISupportedInterfaceOrientations_iPad = "UIInterfaceOrientationPortrait UIInterfaceOrientationPortraitUpsideDown UIInterfaceOrientationLandscapeLeft UIInterfaceOrientationLandscapeRight";
				INFOPLIST_KEY_UISupportedInterfaceOrientations_iPhone = "UIInterfaceOrientationPortrait UIInterfaceOrientationLandscapeLeft UIInterfaceOrientationLandscapeRight";
				LD_RUNPATH_SEARCH_PATHS = (
					"$(inherited)",
					"@executable_path/Frameworks",
				);
				MARKETING_VERSION = 1.0;
				PRODUCT_BUNDLE_IDENTIFIER = com.sekaye.FlowerVision;
				PRODUCT_NAME = "$(TARGET_NAME)";
				SWIFT_EMIT_LOC_STRINGS = YES;
				SWIFT_VERSION = 5.0;
				TARGETED_DEVICE_FAMILY = "1,2";
			};
			name = Debug;
		};
		330BBCD628EB9EEA0014A3F9 /* Release */ = {
			isa = XCBuildConfiguration;
			buildSettings = {
				ASSETCATALOG_COMPILER_APPICON_NAME = AppIcon;
				ASSETCATALOG_COMPILER_GLOBAL_ACCENT_COLOR_NAME = AccentColor;
				CODE_SIGN_STYLE = Automatic;
				CURRENT_PROJECT_VERSION = 1;
				DEVELOPMENT_TEAM = 7J3796WWR5;
				GENERATE_INFOPLIST_FILE = YES;
				INFOPLIST_FILE = FlowerVision/Info.plist;
				INFOPLIST_KEY_UIApplicationSupportsIndirectInputEvents = YES;
				INFOPLIST_KEY_UILaunchStoryboardName = LaunchScreen;
				INFOPLIST_KEY_UIMainStoryboardFile = Main;
				INFOPLIST_KEY_UISupportedInterfaceOrientations_iPad = "UIInterfaceOrientationPortrait UIInterfaceOrientationPortraitUpsideDown UIInterfaceOrientationLandscapeLeft UIInterfaceOrientationLandscapeRight";
				INFOPLIST_KEY_UISupportedInterfaceOrientations_iPhone = "UIInterfaceOrientationPortrait UIInterfaceOrientationLandscapeLeft UIInterfaceOrientationLandscapeRight";
				LD_RUNPATH_SEARCH_PATHS = (
					"$(inherited)",
					"@executable_path/Frameworks",
				);
				MARKETING_VERSION = 1.0;
				PRODUCT_BUNDLE_IDENTIFIER = com.sekaye.FlowerVision;
				PRODUCT_NAME = "$(TARGET_NAME)";
				SWIFT_EMIT_LOC_STRINGS = YES;
				SWIFT_VERSION = 5.0;
				TARGETED_DEVICE_FAMILY = "1,2";
			};
			name = Release;
		};
/* End XCBuildConfiguration section */

/* Begin XCConfigurationList section */
		330BBCBB28EB9EE80014A3F9 /* Build configuration list for PBXProject "FlowerVision" */ = {
			isa = XCConfigurationList;
			buildConfigurations = (
				330BBCD228EB9EEA0014A3F9 /* Debug */,
				330BBCD328EB9EEA0014A3F9 /* Release */,
			);
			defaultConfigurationIsVisible = 0;
			defaultConfigurationName = Release;
		};
		330BBCD428EB9EEA0014A3F9 /* Build configuration list for PBXNativeTarget "FlowerVision" */ = {
			isa = XCConfigurationList;
			buildConfigurations = (
				330BBCD528EB9EEA0014A3F9 /* Debug */,
				330BBCD628EB9EEA0014A3F9 /* Release */,
			);
			defaultConfigurationIsVisible = 0;
			defaultConfigurationName = Release;
		};
/* End XCConfigurationList section */
	};
	rootObject = 330BBCB828EB9EE80014A3F9 /* Project object */;
}
